
Microsoft Visual Studio Solution File, Format Version 12.00
# Visual Studio Version 17
VisualStudioVersion = 17.12.35527.113
MinimumVisualStudioVersion = 10.0.40219.1
Project("{2150E333-8FDC-42A3-9474-1A3956D46DE8}") = "src", "src", "{D7D42048-8BF5-4644-BA4F-F16B7F14EF9D}"
EndProject
Project("{2150E333-8FDC-42A3-9474-1A3956D46DE8}") = "tests", "tests", "{466233DE-30DF-4282-A5AE-2E0519030BC1}"
EndProject
Project("{2150E333-8FDC-42A3-9474-1A3956D46DE8}") = "Backend", "Backend", "{FAAC22D2-86AE-44CE-98C4-472B4A17C1B4}"
EndProject
Project("{2150E333-8FDC-42A3-9474-1A3956D46DE8}") = "Shared", "Shared", "{AFF33608-E423-4334-9F9C-3C960FCE0CAD}"
EndProject
Project("{FAE04EC0-301F-11D3-BF4B-00C04F79EFBC}") = "FitQuest.API", "src\Backend\FitQuest.API\FitQuest.API.csproj", "{16D74F21-5696-43D3-B1F6-081546201DA6}"
EndProject
Project("{FAE04EC0-301F-11D3-BF4B-00C04F79EFBC}") = "FitQuest.Application", "src\Backend\FitQuest.Application\FitQuest.Application.csproj", "{1D66173B-8F99-4590-92A3-0241AE04DA20}"
EndProject
Project("{FAE04EC0-301F-11D3-BF4B-00C04F79EFBC}") = "FitQuest.Domain", "src\Backend\FitQuest.Domain\FitQuest.Domain.csproj", "{BABEA851-7CA7-4D8B-A4CF-FC0BE79FA2A0}"
EndProject
Project("{FAE04EC0-301F-11D3-BF4B-00C04F79EFBC}") = "FitQuest.Communication", "src\Shared\FitQuest.Communication\FitQuest.Communication.csproj", "{C15221B0-2D19-4353-A9FA-3433D21E73C3}"
EndProject
Project("{FAE04EC0-301F-11D3-BF4B-00C04F79EFBC}") = "FitQuest.Exceptions", "src\Shared\FitQuest.Exception\FitQuest.Exceptions.csproj", "{BBD64370-23C2-49FB-85A5-278958ED9D29}"
EndProject
Project("{FAE04EC0-301F-11D3-BF4B-00C04F79EFBC}") = "FitQuest.Infraestructure", "src\Backend\FitQuest.Infraestruture\FitQuest.Infraestructure.csproj", "{717FDBA8-2042-420B-AA6E-BF50937E9389}"
EndProject
Global
	GlobalSection(SolutionConfigurationPlatforms) = preSolution
		Debug|Any CPU = Debug|Any CPU
		Release|Any CPU = Release|Any CPU
	EndGlobalSection
	GlobalSection(ProjectConfigurationPlatforms) = postSolution
		{16D74F21-5696-43D3-B1F6-081546201DA6}.Debug|Any CPU.ActiveCfg = Debug|Any CPU
		{16D74F21-5696-43D3-B1F6-081546201DA6}.Debug|Any CPU.Build.0 = Debug|Any CPU
		{16D74F21-5696-43D3-B1F6-081546201DA6}.Release|Any CPU.ActiveCfg = Release|Any CPU
		{16D74F21-5696-43D3-B1F6-081546201DA6}.Release|Any CPU.Build.0 = Release|Any CPU
		{1D66173B-8F99-4590-92A3-0241AE04DA20}.Debug|Any CPU.ActiveCfg = Debug|Any CPU
		{1D66173B-8F99-4590-92A3-0241AE04DA20}.Debug|Any CPU.Build.0 = Debug|Any CPU
		{1D66173B-8F99-4590-92A3-0241AE04DA20}.Release|Any CPU.ActiveCfg = Release|Any CPU
		{1D66173B-8F99-4590-92A3-0241AE04DA20}.Release|Any CPU.Build.0 = Release|Any CPU
		{BABEA851-7CA7-4D8B-A4CF-FC0BE79FA2A0}.Debug|Any CPU.ActiveCfg = Debug|Any CPU
		{BABEA851-7CA7-4D8B-A4CF-FC0BE79FA2A0}.Debug|Any CPU.Build.0 = Debug|Any CPU
		{BABEA851-7CA7-4D8B-A4CF-FC0BE79FA2A0}.Release|Any CPU.ActiveCfg = Release|Any CPU
		{BABEA851-7CA7-4D8B-A4CF-FC0BE79FA2A0}.Release|Any CPU.Build.0 = Release|Any CPU
		{C15221B0-2D19-4353-A9FA-3433D21E73C3}.Debug|Any CPU.ActiveCfg = Debug|Any CPU
		{C15221B0-2D19-4353-A9FA-3433D21E73C3}.Debug|Any CPU.Build.0 = Debug|Any CPU
		{C15221B0-2D19-4353-A9FA-3433D21E73C3}.Release|Any CPU.ActiveCfg = Release|Any CPU
		{C15221B0-2D19-4353-A9FA-3433D21E73C3}.Release|Any CPU.Build.0 = Release|Any CPU
		{BBD64370-23C2-49FB-85A5-278958ED9D29}.Debug|Any CPU.ActiveCfg = Debug|Any CPU
		{BBD64370-23C2-49FB-85A5-278958ED9D29}.Debug|Any CPU.Build.0 = Debug|Any CPU
		{BBD64370-23C2-49FB-85A5-278958ED9D29}.Release|Any CPU.ActiveCfg = Release|Any CPU
		{BBD64370-23C2-49FB-85A5-278958ED9D29}.Release|Any CPU.Build.0 = Release|Any CPU
		{717FDBA8-2042-420B-AA6E-BF50937E9389}.Debug|Any CPU.ActiveCfg = Debug|Any CPU
		{717FDBA8-2042-420B-AA6E-BF50937E9389}.Debug|Any CPU.Build.0 = Debug|Any CPU
		{717FDBA8-2042-420B-AA6E-BF50937E9389}.Release|Any CPU.ActiveCfg = Release|Any CPU
		{717FDBA8-2042-420B-AA6E-BF50937E9389}.Release|Any CPU.Build.0 = Release|Any CPU
	EndGlobalSection
	GlobalSection(SolutionProperties) = preSolution
		HideSolutionNode = FALSE
	EndGlobalSection
	GlobalSection(NestedProjects) = preSolution
		{FAAC22D2-86AE-44CE-98C4-472B4A17C1B4} = {D7D42048-8BF5-4644-BA4F-F16B7F14EF9D}
		{AFF33608-E423-4334-9F9C-3C960FCE0CAD} = {D7D42048-8BF5-4644-BA4F-F16B7F14EF9D}
		{16D74F21-5696-43D3-B1F6-081546201DA6} = {FAAC22D2-86AE-44CE-98C4-472B4A17C1B4}
		{1D66173B-8F99-4590-92A3-0241AE04DA20} = {FAAC22D2-86AE-44CE-98C4-472B4A17C1B4}
		{BABEA851-7CA7-4D8B-A4CF-FC0BE79FA2A0} = {FAAC22D2-86AE-44CE-98C4-472B4A17C1B4}
		{C15221B0-2D19-4353-A9FA-3433D21E73C3} = {AFF33608-E423-4334-9F9C-3C960FCE0CAD}
		{BBD64370-23C2-49FB-85A5-278958ED9D29} = {AFF33608-E423-4334-9F9C-3C960FCE0CAD}
		{717FDBA8-2042-420B-AA6E-BF50937E9389} = {FAAC22D2-86AE-44CE-98C4-472B4A17C1B4}
	EndGlobalSection
EndGlobal
